{
  "version": 4,
  "terraform_version": "1.14.6",
  "serial": 20,
  "lineage": "4fc44bfa-8a6c-f62c-6a47-3932159f9931",
  "outputs": {
    "dataproc_cluster_name": {
      "value": "ieee-search-cluster",
      "type": "string"
    },
    "dataproc_master_instance": {
      "value": [
        "ieee-search-cluster-m"
      ],
      "type": [
        "list",
        "string"
      ]
    },
    "gcs_bucket": {
      "value": "aerial-citron-428307-c5-ieee-search-data",
      "type": "string"
    },
    "grafana_dashboard_url": {
      "value": "http://136.117.115.72:3000",
      "type": "string"
    },
    "kafka_external_ip": {
      "value": "136.109.49.135",
      "type": "string"
    },
    "kafka_internal_ip": {
      "value": "10.138.0.54",
      "type": "string"
    },
    "search_engine_url": {
      "value": "http://35.230.95.84:5000",
      "type": "string"
    }
  },
  "resources": [
    {
      "mode": "managed",
      "type": "google_compute_disk",
      "name": "postgres_data_disk",
      "provider": "provider[\"registry.terraform.io/hashicorp/google\"]",
      "instances": [
        {
          "schema_version": 0,
          "attributes": {
            "access_mode": "",
            "async_primary_disk": [],
            "creation_timestamp": "2026-03-06T23:57:22.305-08:00",
            "description": "",
            "disk_encryption_key": [],
            "disk_id": "6717183825853965453",
            "effective_labels": {},
            "enable_confidential_compute": false,
            "guest_os_features": [],
            "id": "projects/aerial-citron-428307-c5/zones/us-west1-a/disks/postgres-data-disk",
            "image": "",
            "label_fingerprint": "42WmSpB8rSM=",
            "labels": null,
            "last_attach_timestamp": "",
            "last_detach_timestamp": "",
            "licenses": [],
            "name": "postgres-data-disk",
            "physical_block_size_bytes": 4096,
            "project": "aerial-citron-428307-c5",
            "provisioned_iops": 0,
            "provisioned_throughput": 0,
            "self_link": "https://www.googleapis.com/compute/v1/projects/aerial-citron-428307-c5/zones/us-west1-a/disks/postgres-data-disk",
            "size": 20,
            "snapshot": "",
            "source_disk": "",
            "source_disk_id": "",
            "source_image_encryption_key": [],
            "source_image_id": "",
            "source_snapshot_encryption_key": [],
            "source_snapshot_id": "",
            "storage_pool": "",
            "terraform_labels": {},
            "timeouts": null,
            "type": "pd-ssd",
            "users": [],
            "zone": "us-west1-a"
          },
          "sensitive_attributes": [],
          "identity_schema_version": 0,
          "private": "eyJlMmJmYjczMC1lY2FhLTExZTYtOGY4OC0zNDM2M2JjN2M0YzAiOnsiY3JlYXRlIjoxMjAwMDAwMDAwMDAwLCJkZWxldGUiOjEyMDAwMDAwMDAwMDAsInVwZGF0ZSI6MTIwMDAwMDAwMDAwMH19"
        }
      ]
    },
    {
      "mode": "managed",
      "type": "google_compute_firewall",
      "name": "allow_backend_internal",
      "provider": "provider[\"registry.terraform.io/hashicorp/google\"]",
      "instances": [
        {
          "schema_version": 1,
          "attributes": {
            "allow": [
              {
                "ports": [
                  "5432",
                  "9090"
                ],
                "protocol": "tcp"
              }
            ],
            "creation_timestamp": "2026-03-06T23:57:22.205-08:00",
            "deny": [],
            "description": "",
            "destination_ranges": [],
            "direction": "INGRESS",
            "disabled": false,
            "enable_logging": null,
            "id": "projects/aerial-citron-428307-c5/global/firewalls/allow-backend-internal",
            "log_config": [],
            "name": "allow-backend-internal",
            "network": "https://www.googleapis.com/compute/v1/projects/aerial-citron-428307-c5/global/networks/default",
            "priority": 1000,
            "project": "aerial-citron-428307-c5",
            "self_link": "https://www.googleapis.com/compute/v1/projects/aerial-citron-428307-c5/global/firewalls/allow-backend-internal",
            "source_ranges": [
              "10.0.0.0/8"
            ],
            "source_service_accounts": null,
            "source_tags": null,
            "target_service_accounts": null,
            "target_tags": [
              "backend-secure"
            ],
            "timeouts": null
          },
          "sensitive_attributes": [],
          "identity_schema_version": 0,
          "private": "eyJlMmJmYjczMC1lY2FhLTExZTYtOGY4OC0zNDM2M2JjN2M0YzAiOnsiY3JlYXRlIjoxMjAwMDAwMDAwMDAwLCJkZWxldGUiOjEyMDAwMDAwMDAwMDAsInVwZGF0ZSI6MTIwMDAwMDAwMDAwMH0sInNjaGVtYV92ZXJzaW9uIjoiMSJ9"
        }
      ]
    },
    {
      "mode": "managed",
      "type": "google_compute_firewall",
      "name": "allow_grafana_public",
      "provider": "provider[\"registry.terraform.io/hashicorp/google\"]",
      "instances": [
        {
          "schema_version": 1,
          "attributes": {
            "allow": [
              {
                "ports": [
                  "3000"
                ],
                "protocol": "tcp"
              }
            ],
            "creation_timestamp": "2026-03-06T23:57:22.322-08:00",
            "deny": [],
            "description": "",
            "destination_ranges": [],
            "direction": "INGRESS",
            "disabled": false,
            "enable_logging": null,
            "id": "projects/aerial-citron-428307-c5/global/firewalls/allow-grafana-public",
            "log_config": [],
            "name": "allow-grafana-public",
            "network": "https://www.googleapis.com/compute/v1/projects/aerial-citron-428307-c5/global/networks/default",
            "priority": 1000,
            "project": "aerial-citron-428307-c5",
            "self_link": "https://www.googleapis.com/compute/v1/projects/aerial-citron-428307-c5/global/firewalls/allow-grafana-public",
            "source_ranges": [
              "0.0.0.0/0"
            ],
            "source_service_accounts": null,
            "source_tags": null,
            "target_service_accounts": null,
            "target_tags": [
              "backend-secure"
            ],
            "timeouts": null
          },
          "sensitive_attributes": [],
          "identity_schema_version": 0,
          "private": "eyJlMmJmYjczMC1lY2FhLTExZTYtOGY4OC0zNDM2M2JjN2M0YzAiOnsiY3JlYXRlIjoxMjAwMDAwMDAwMDAwLCJkZWxldGUiOjEyMDAwMDAwMDAwMDAsInVwZGF0ZSI6MTIwMDAwMDAwMDAwMH0sInNjaGVtYV92ZXJzaW9uIjoiMSJ9"
        }
      ]
    },
    {
      "mode": "managed",
      "type": "google_compute_firewall",
      "name": "allow_internal",
      "provider": "provider[\"registry.terraform.io/hashicorp/google\"]",
      "instances": [
        {
          "schema_version": 1,
          "attributes": {
            "allow": [
              {
                "ports": [
                  "0-65535"
                ],
                "protocol": "tcp"
              },
              {
                "ports": [
                  "0-65535"
                ],
                "protocol": "udp"
              },
              {
                "ports": [],
                "protocol": "icmp"
              }
            ],
            "creation_timestamp": "2026-03-06T23:57:22.206-08:00",
            "deny": [],
            "description": "",
            "destination_ranges": [],
            "direction": "INGRESS",
            "disabled": false,
            "enable_logging": null,
            "id": "projects/aerial-citron-428307-c5/global/firewalls/allow-internal-all",
            "log_config": [],
            "name": "allow-internal-all",
            "network": "https://www.googleapis.com/compute/v1/projects/aerial-citron-428307-c5/global/networks/default",
            "priority": 1000,
            "project": "aerial-citron-428307-c5",
            "self_link": "https://www.googleapis.com/compute/v1/projects/aerial-citron-428307-c5/global/firewalls/allow-internal-all",
            "source_ranges": [
              "10.0.0.0/8"
            ],
            "source_service_accounts": null,
            "source_tags": null,
            "target_service_accounts": null,
            "target_tags": null,
            "timeouts": null
          },
          "sensitive_attributes": [],
          "identity_schema_version": 0,
          "private": "eyJlMmJmYjczMC1lY2FhLTExZTYtOGY4OC0zNDM2M2JjN2M0YzAiOnsiY3JlYXRlIjoxMjAwMDAwMDAwMDAwLCJkZWxldGUiOjEyMDAwMDAwMDAwMDAsInVwZGF0ZSI6MTIwMDAwMDAwMDAwMH0sInNjaGVtYV92ZXJzaW9uIjoiMSJ9"
        }
      ]
    },
    {
      "mode": "managed",
      "type": "google_compute_firewall",
      "name": "allow_kafka",
      "provider": "provider[\"registry.terraform.io/hashicorp/google\"]",
      "instances": [
        {
          "schema_version": 1,
          "attributes": {
            "allow": [
              {
                "ports": [
                  "9092",
                  "9093",
                  "2181"
                ],
                "protocol": "tcp"
              }
            ],
            "creation_timestamp": "2026-03-06T23:57:22.143-08:00",
            "deny": [],
            "description": "",
            "destination_ranges": [],
            "direction": "INGRESS",
            "disabled": false,
            "enable_logging": null,
            "id": "projects/aerial-citron-428307-c5/global/firewalls/allow-kafka",
            "log_config": [],
            "name": "allow-kafka",
            "network": "https://www.googleapis.com/compute/v1/projects/aerial-citron-428307-c5/global/networks/default",
            "priority": 1000,
            "project": "aerial-citron-428307-c5",
            "self_link": "https://www.googleapis.com/compute/v1/projects/aerial-citron-428307-c5/global/firewalls/allow-kafka",
            "source_ranges": [
              "0.0.0.0/0"
            ],
            "source_service_accounts": null,
            "source_tags": null,
            "target_service_accounts": null,
            "target_tags": [
              "kafka"
            ],
            "timeouts": null
          },
          "sensitive_attributes": [],
          "identity_schema_version": 0,
          "private": "eyJlMmJmYjczMC1lY2FhLTExZTYtOGY4OC0zNDM2M2JjN2M0YzAiOnsiY3JlYXRlIjoxMjAwMDAwMDAwMDAwLCJkZWxldGUiOjEyMDAwMDAwMDAwMDAsInVwZGF0ZSI6MTIwMDAwMDAwMDAwMH0sInNjaGVtYV92ZXJzaW9uIjoiMSJ9"
        }
      ]
    },
    {
      "mode": "managed",
      "type": "google_compute_firewall",
      "name": "allow_web_public",
      "provider": "provider[\"registry.terraform.io/hashicorp/google\"]",
      "instances": [
        {
          "schema_version": 1,
          "attributes": {
            "allow": [
              {
                "ports": [
                  "5000"
                ],
                "protocol": "tcp"
              }
            ],
            "creation_timestamp": "2026-03-06T23:57:22.283-08:00",
            "deny": [],
            "description": "",
            "destination_ranges": [],
            "direction": "INGRESS",
            "disabled": false,
            "enable_logging": null,
            "id": "projects/aerial-citron-428307-c5/global/firewalls/allow-web-public",
            "log_config": [],
            "name": "allow-web-public",
            "network": "https://www.googleapis.com/compute/v1/projects/aerial-citron-428307-c5/global/networks/default",
            "priority": 1000,
            "project": "aerial-citron-428307-c5",
            "self_link": "https://www.googleapis.com/compute/v1/projects/aerial-citron-428307-c5/global/firewalls/allow-web-public",
            "source_ranges": [
              "0.0.0.0/0"
            ],
            "source_service_accounts": null,
            "source_tags": null,
            "target_service_accounts": null,
            "target_tags": [
              "web-public"
            ],
            "timeouts": null
          },
          "sensitive_attributes": [],
          "identity_schema_version": 0,
          "private": "eyJlMmJmYjczMC1lY2FhLTExZTYtOGY4OC0zNDM2M2JjN2M0YzAiOnsiY3JlYXRlIjoxMjAwMDAwMDAwMDAwLCJkZWxldGUiOjEyMDAwMDAwMDAwMDAsInVwZGF0ZSI6MTIwMDAwMDAwMDAwMH0sInNjaGVtYV92ZXJzaW9uIjoiMSJ9"
        }
      ]
    },
    {
      "mode": "managed",
      "type": "google_compute_instance",
      "name": "backend_node",
      "provider": "provider[\"registry.terraform.io/hashicorp/google\"]",
      "instances": [
        {
          "schema_version": 6,
          "attributes": {
            "advanced_machine_features": [],
            "allow_stopping_for_update": null,
            "attached_disk": [
              {
                "device_name": "postgres-data-disk",
                "disk_encryption_key_raw": "",
                "disk_encryption_key_sha256": "",
                "kms_key_self_link": "",
                "mode": "READ_WRITE",
                "source": "https://www.googleapis.com/compute/v1/projects/aerial-citron-428307-c5/zones/us-west1-a/disks/postgres-data-disk"
              }
            ],
            "boot_disk": [
              {
                "auto_delete": true,
                "device_name": "persistent-disk-0",
                "disk_encryption_key_raw": "",
                "disk_encryption_key_sha256": "",
                "initialize_params": [
                  {
                    "enable_confidential_compute": false,
                    "image": "https://www.googleapis.com/compute/v1/projects/debian-cloud/global/images/debian-11-bullseye-v20260210",
                    "labels": {},
                    "provisioned_iops": 0,
                    "provisioned_throughput": 0,
                    "resource_manager_tags": null,
                    "size": 10,
                    "storage_pool": "",
                    "type": "pd-standard"
                  }
                ],
                "kms_key_self_link": "",
                "mode": "READ_WRITE",
                "source": "https://www.googleapis.com/compute/v1/projects/aerial-citron-428307-c5/zones/us-west1-a/disks/ieee-backend-node"
              }
            ],
            "can_ip_forward": false,
            "confidential_instance_config": [],
            "cpu_platform": "Intel Broadwell",
            "current_status": "RUNNING",
            "deletion_protection": false,
            "description": "",
            "desired_status": null,
            "effective_labels": {},
            "enable_display": false,
            "guest_accelerator": [],
            "hostname": "",
            "id": "projects/aerial-citron-428307-c5/zones/us-west1-a/instances/ieee-backend-node",
            "instance_id": "794813503973516417",
            "label_fingerprint": "42WmSpB8rSM=",
            "labels": null,
            "machine_type": "e2-medium",
            "metadata": null,
            "metadata_fingerprint": "CpUwwJbJBCs=",
            "metadata_startup_script": "#!/bin/bash\nset -e\necho \"Initializing Secure Backend Node...\"\n\n# Format and mount persistent disk\nDISK_ID=\"/dev/disk/by-id/google-postgres-data-disk\"\nMOUNT_DIR=\"/mnt/stateful_partition\"\nwhile [ ! -e $DISK_ID ]; do sleep 1; done\nif ! blkid $DISK_ID; then mkfs.ext4 -m 0 -F -E lazy_itable_init=0,lazy_journal_init=0,discard $DISK_ID; fi\nmkdir -p $MOUNT_DIR\nmount -o discard,defaults $DISK_ID $MOUNT_DIR\nPG_DATA_DIR=\"$MOUNT_DIR/pgdata\"\nmkdir -p $PG_DATA_DIR\n    \n# Install Docker\napt-get update \u0026\u0026 apt-get install -y docker.io docker-compose\n\n# Setup Observability \u0026 DB config\nmkdir -p /opt/backend\ncd /opt/backend\n\ncat \u003c\u003c 'PROMETHEUS' \u003e prometheus.yml\nglobal:\n  scrape_interval: 5s\nscrape_configs:\n  - job_name: 'flask_app'\n    static_configs:\n      # We will dynamically replace this target in production\n      - targets: ['ieee-web-node:5000'] \nPROMETHEUS\n\ncat \u003c\u003c COMPOSE \u003e docker-compose.yml\nversion: '3.8'\nservices:\n  postgres:\n    image: postgres:13\n    restart: always\n    environment:\n      POSTGRES_USER: admin\n      POSTGRES_PASSWORD: supersecretpassword\n      POSTGRES_DB: ieee_search\n    ports:\n      - \"5432:5432\"\n    volumes:\n      - $PG_DATA_DIR:/var/lib/postgresql/data\n  prometheus:\n    image: prom/prometheus\n    restart: always\n    ports:\n      - \"9090:9090\"\n    volumes:\n      - ./prometheus.yml:/etc/prometheus/prometheus.yml\n  grafana:\n    image: grafana/grafana\n    restart: always\n    ports:\n      - \"3000:3000\"\n    depends_on:\n      - prometheus\nCOMPOSE\n\ndocker-compose up -d\n",
            "min_cpu_platform": "",
            "name": "ieee-backend-node",
            "network_interface": [
              {
                "access_config": [
                  {
                    "nat_ip": "136.117.115.72",
                    "network_tier": "PREMIUM",
                    "public_ptr_domain_name": ""
                  }
                ],
                "alias_ip_range": [],
                "internal_ipv6_prefix_length": 0,
                "ipv6_access_config": [],
                "ipv6_access_type": "",
                "ipv6_address": "",
                "name": "nic0",
                "network": "https://www.googleapis.com/compute/v1/projects/aerial-citron-428307-c5/global/networks/default",
                "network_ip": "10.138.0.55",
                "nic_type": "",
                "queue_count": 0,
                "stack_type": "IPV4_ONLY",
                "subnetwork": "https://www.googleapis.com/compute/v1/projects/aerial-citron-428307-c5/regions/us-west1/subnetworks/default",
                "subnetwork_project": "aerial-citron-428307-c5"
              }
            ],
            "network_performance_config": [],
            "params": [],
            "project": "aerial-citron-428307-c5",
            "reservation_affinity": [],
            "resource_policies": null,
            "scheduling": [
              {
                "automatic_restart": true,
                "instance_termination_action": "",
                "local_ssd_recovery_timeout": [],
                "max_run_duration": [],
                "min_node_cpus": 0,
                "node_affinities": [],
                "on_host_maintenance": "MIGRATE",
                "on_instance_stop_action": [],
                "preemptible": false,
                "provisioning_model": "STANDARD"
              }
            ],
            "scratch_disk": [],
            "self_link": "https://www.googleapis.com/compute/v1/projects/aerial-citron-428307-c5/zones/us-west1-a/instances/ieee-backend-node",
            "service_account": [],
            "shielded_instance_config": [
              {
                "enable_integrity_monitoring": true,
                "enable_secure_boot": false,
                "enable_vtpm": true
              }
            ],
            "tags": [
              "backend-secure"
            ],
            "tags_fingerprint": "O7r3FQ0pXBo=",
            "terraform_labels": {},
            "timeouts": null,
            "zone": "us-west1-a"
          },
          "sensitive_attributes": [
            [
              {
                "type": "get_attr",
                "value": "attached_disk"
              },
              {
                "type": "index",
                "value": {
                  "value": 0,
                  "type": "number"
                }
              },
              {
                "type": "get_attr",
                "value": "disk_encryption_key_raw"
              }
            ],
            [
              {
                "type": "get_attr",
                "value": "boot_disk"
              },
              {
                "type": "index",
                "value": {
                  "value": 0,
                  "type": "number"
                }
              },
              {
                "type": "get_attr",
                "value": "disk_encryption_key_raw"
              }
            ]
          ],
          "identity_schema_version": 0,
          "private": "eyJlMmJmYjczMC1lY2FhLTExZTYtOGY4OC0zNDM2M2JjN2M0YzAiOnsiY3JlYXRlIjoxMjAwMDAwMDAwMDAwLCJkZWxldGUiOjEyMDAwMDAwMDAwMDAsInVwZGF0ZSI6MTIwMDAwMDAwMDAwMH0sInNjaGVtYV92ZXJzaW9uIjoiNiJ9",
          "dependencies": [
            "google_compute_disk.postgres_data_disk"
          ]
        }
      ]
    },
    {
      "mode": "managed",
      "type": "google_compute_instance",
      "name": "kafka_vm",
      "provider": "provider[\"registry.terraform.io/hashicorp/google\"]",
      "instances": [
        {
          "schema_version": 6,
          "attributes": {
            "advanced_machine_features": [],
            "allow_stopping_for_update": null,
            "attached_disk": [],
            "boot_disk": [
              {
                "auto_delete": true,
                "device_name": "persistent-disk-0",
                "disk_encryption_key_raw": "",
                "disk_encryption_key_sha256": "",
                "initialize_params": [
                  {
                    "enable_confidential_compute": false,
                    "image": "https://www.googleapis.com/compute/v1/projects/debian-cloud/global/images/debian-11-bullseye-v20260210",
                    "labels": {},
                    "provisioned_iops": 0,
                    "provisioned_throughput": 0,
                    "resource_manager_tags": null,
                    "size": 30,
                    "storage_pool": "",
                    "type": "pd-standard"
                  }
                ],
                "kms_key_self_link": "",
                "mode": "READ_WRITE",
                "source": "https://www.googleapis.com/compute/v1/projects/aerial-citron-428307-c5/zones/us-west1-a/disks/kafka-broker"
              }
            ],
            "can_ip_forward": false,
            "confidential_instance_config": [],
            "cpu_platform": "Intel Broadwell",
            "current_status": "RUNNING",
            "deletion_protection": false,
            "description": "",
            "desired_status": null,
            "effective_labels": {},
            "enable_display": false,
            "guest_accelerator": [],
            "hostname": "",
            "id": "projects/aerial-citron-428307-c5/zones/us-west1-a/instances/kafka-broker",
            "instance_id": "7782700813251929225",
            "label_fingerprint": "42WmSpB8rSM=",
            "labels": null,
            "machine_type": "e2-medium",
            "metadata": null,
            "metadata_fingerprint": "sZ3ZRCDhgHA=",
            "metadata_startup_script": "#!/bin/bash\nset -e\n\n# Install Java and Wget\nsudo apt-get update \u0026\u0026 sudo apt-get install -y default-jdk wget\n\n# Download Kafka (use archive URL for stability)\ncd /tmp\nwget https://archive.apache.org/dist/kafka/3.6.1/kafka_2.13-3.6.1.tgz\nsudo tar -xzf kafka_2.13-3.6.1.tgz\nsudo mv kafka_2.13-3.6.1 /opt/kafka\n\n# Get IPs for configuration\nINTERNAL_IP=$(curl -s \"http://metadata.google.internal/computeMetadata/v1/instance/network-interfaces/0/ip\" -H \"Metadata-Flavor: Google\")\nEXTERNAL_IP=$(curl -s \"http://metadata.google.internal/computeMetadata/v1/instance/network-interfaces/0/access-configs/0/external-ip\" -H \"Metadata-Flavor: Google\")\n\n# Create the Dual-Listener Configuration\nsudo tee /opt/kafka/config/server.properties \u003e /dev/null \u003c\u003c EOF\nbroker.id=0\nlisteners=INTERNAL://0.0.0.0:9093,EXTERNAL://0.0.0.0:9092\nadvertised.listeners=INTERNAL://${INTERNAL_IP}:9093,EXTERNAL://${EXTERNAL_IP}:9092\nlistener.security.protocol.map=INTERNAL:PLAINTEXT,EXTERNAL:PLAINTEXT\ninter.broker.listener.name=INTERNAL\nnum.network.threads=3\nnum.io.threads=8\nsocket.send.buffer.bytes=102400\nsocket.receive.buffer.bytes=102400\nsocket.request.max.bytes=104857600\nlog.dirs=/tmp/kafka-logs\nnum.partitions=3\nnum.recovery.threads.per.data.dir=1\noffsets.topic.replication.factor=1\ntransaction.state.log.replication.factor=1\ntransaction.state.log.min.isr=1\nlog.retention.hours=168\nzookeeper.connect=localhost:2181\nzookeeper.connection.timeout.ms=18000\nauto.create.topics.enable=true\nEOF\n\n# Start Zookeeper in the background\nsudo /opt/kafka/bin/zookeeper-server-start.sh -daemon /opt/kafka/config/zookeeper.properties\nsleep 5\n\n# Start Kafka in the background\nsudo /opt/kafka/bin/kafka-server-start.sh -daemon /opt/kafka/config/server.properties\nsleep 5\n\n# Create topics\n/opt/kafka/bin/kafka-topics.sh --create --topic search-requests --bootstrap-server localhost:9092 --partitions 3 --replication-factor 1 || true\n/opt/kafka/bin/kafka-topics.sh --create --topic search-responses --bootstrap-server localhost:9092 --partitions 3 --replication-factor 1 || true\n\necho \"Kafka setup complete. Internal IP: ${INTERNAL_IP}, External IP: ${EXTERNAL_IP}\"\n",
            "min_cpu_platform": "",
            "name": "kafka-broker",
            "network_interface": [
              {
                "access_config": [
                  {
                    "nat_ip": "136.109.49.135",
                    "network_tier": "PREMIUM",
                    "public_ptr_domain_name": ""
                  }
                ],
                "alias_ip_range": [],
                "internal_ipv6_prefix_length": 0,
                "ipv6_access_config": [],
                "ipv6_access_type": "",
                "ipv6_address": "",
                "name": "nic0",
                "network": "https://www.googleapis.com/compute/v1/projects/aerial-citron-428307-c5/global/networks/default",
                "network_ip": "10.138.0.54",
                "nic_type": "",
                "queue_count": 0,
                "stack_type": "IPV4_ONLY",
                "subnetwork": "https://www.googleapis.com/compute/v1/projects/aerial-citron-428307-c5/regions/us-west1/subnetworks/default",
                "subnetwork_project": "aerial-citron-428307-c5"
              }
            ],
            "network_performance_config": [],
            "params": [],
            "project": "aerial-citron-428307-c5",
            "reservation_affinity": [],
            "resource_policies": null,
            "scheduling": [
              {
                "automatic_restart": true,
                "instance_termination_action": "",
                "local_ssd_recovery_timeout": [],
                "max_run_duration": [],
                "min_node_cpus": 0,
                "node_affinities": [],
                "on_host_maintenance": "MIGRATE",
                "on_instance_stop_action": [],
                "preemptible": false,
                "provisioning_model": "STANDARD"
              }
            ],
            "scratch_disk": [],
            "self_link": "https://www.googleapis.com/compute/v1/projects/aerial-citron-428307-c5/zones/us-west1-a/instances/kafka-broker",
            "service_account": [],
            "shielded_instance_config": [
              {
                "enable_integrity_monitoring": true,
                "enable_secure_boot": false,
                "enable_vtpm": true
              }
            ],
            "tags": [
              "kafka"
            ],
            "tags_fingerprint": "wyGY5uVw8b4=",
            "terraform_labels": {},
            "timeouts": null,
            "zone": "us-west1-a"
          },
          "sensitive_attributes": [
            [
              {
                "type": "get_attr",
                "value": "boot_disk"
              },
              {
                "type": "index",
                "value": {
                  "value": 0,
                  "type": "number"
                }
              },
              {
                "type": "get_attr",
                "value": "disk_encryption_key_raw"
              }
            ]
          ],
          "identity_schema_version": 0,
          "private": "eyJlMmJmYjczMC1lY2FhLTExZTYtOGY4OC0zNDM2M2JjN2M0YzAiOnsiY3JlYXRlIjoxMjAwMDAwMDAwMDAwLCJkZWxldGUiOjEyMDAwMDAwMDAwMDAsInVwZGF0ZSI6MTIwMDAwMDAwMDAwMH0sInNjaGVtYV92ZXJzaW9uIjoiNiJ9",
          "dependencies": [
            "google_project_service.compute"
          ]
        }
      ]
    },
    {
      "mode": "managed",
      "type": "google_compute_instance",
      "name": "web_node",
      "provider": "provider[\"registry.terraform.io/hashicorp/google\"]",
      "instances": [
        {
          "schema_version": 6,
          "attributes": {
            "advanced_machine_features": [],
            "allow_stopping_for_update": null,
            "attached_disk": [],
            "boot_disk": [
              {
                "auto_delete": true,
                "device_name": "persistent-disk-0",
                "disk_encryption_key_raw": "",
                "disk_encryption_key_sha256": "",
                "initialize_params": [
                  {
                    "enable_confidential_compute": false,
                    "image": "https://www.googleapis.com/compute/v1/projects/debian-cloud/global/images/debian-11-bullseye-v20260210",
                    "labels": {},
                    "provisioned_iops": 0,
                    "provisioned_throughput": 0,
                    "resource_manager_tags": null,
                    "size": 10,
                    "storage_pool": "",
                    "type": "pd-standard"
                  }
                ],
                "kms_key_self_link": "",
                "mode": "READ_WRITE",
                "source": "https://www.googleapis.com/compute/v1/projects/aerial-citron-428307-c5/zones/us-west1-a/disks/ieee-web-node"
              }
            ],
            "can_ip_forward": false,
            "confidential_instance_config": [],
            "cpu_platform": "Intel Broadwell",
            "current_status": "RUNNING",
            "deletion_protection": false,
            "description": "",
            "desired_status": null,
            "effective_labels": {},
            "enable_display": false,
            "guest_accelerator": [],
            "hostname": "",
            "id": "projects/aerial-citron-428307-c5/zones/us-west1-a/instances/ieee-web-node",
            "instance_id": "2284112114149123178",
            "label_fingerprint": "42WmSpB8rSM=",
            "labels": null,
            "machine_type": "e2-micro",
            "metadata": null,
            "metadata_fingerprint": "6YyXxtA8q0s=",
            "metadata_startup_script": "#!/bin/bash\nset -e\necho \"Initializing Stateless Web Node...\"\n\n# Install Docker\napt-get update \u0026\u0026 apt-get install -y docker.io\n\n# Wait for the backend node to be fully up and fetch its internal IP\n# In a real environment, DNS or Service Discovery is used. \n# Here we inject the internal IP directly.\nexport DB_HOST=\"10.138.0.55\"\nexport KAFKA_HOST=\"10.138.0.54\"\n\n# Pull and run your custom Flask Docker image\ndocker run -d \\\n  --name lightweight-app \\\n  --restart always \\\n  -p 5000:5000 \\\n  -e DB_URL=\"postgresql://admin:supersecretpassword@${DB_HOST}:5432/ieee_search\" \\\n  -e KAFKA_BROKER=\"${KAFKA_HOST}:9093\" \\\n  laskyj/ieee-flask-app:latest\n",
            "min_cpu_platform": "",
            "name": "ieee-web-node",
            "network_interface": [
              {
                "access_config": [
                  {
                    "nat_ip": "35.230.95.84",
                    "network_tier": "PREMIUM",
                    "public_ptr_domain_name": ""
                  }
                ],
                "alias_ip_range": [],
                "internal_ipv6_prefix_length": 0,
                "ipv6_access_config": [],
                "ipv6_access_type": "",
                "ipv6_address": "",
                "name": "nic0",
                "network": "https://www.googleapis.com/compute/v1/projects/aerial-citron-428307-c5/global/networks/default",
                "network_ip": "10.138.0.59",
                "nic_type": "",
                "queue_count": 0,
                "stack_type": "IPV4_ONLY",
                "subnetwork": "https://www.googleapis.com/compute/v1/projects/aerial-citron-428307-c5/regions/us-west1/subnetworks/default",
                "subnetwork_project": "aerial-citron-428307-c5"
              }
            ],
            "network_performance_config": [],
            "params": [],
            "project": "aerial-citron-428307-c5",
            "reservation_affinity": [],
            "resource_policies": null,
            "scheduling": [
              {
                "automatic_restart": true,
                "instance_termination_action": "",
                "local_ssd_recovery_timeout": [],
                "max_run_duration": [],
                "min_node_cpus": 0,
                "node_affinities": [],
                "on_host_maintenance": "MIGRATE",
                "on_instance_stop_action": [],
                "preemptible": false,
                "provisioning_model": "STANDARD"
              }
            ],
            "scratch_disk": [],
            "self_link": "https://www.googleapis.com/compute/v1/projects/aerial-citron-428307-c5/zones/us-west1-a/instances/ieee-web-node",
            "service_account": [],
            "shielded_instance_config": [
              {
                "enable_integrity_monitoring": true,
                "enable_secure_boot": false,
                "enable_vtpm": true
              }
            ],
            "tags": [
              "web-public"
            ],
            "tags_fingerprint": "3eykMJIflnQ=",
            "terraform_labels": {},
            "timeouts": null,
            "zone": "us-west1-a"
          },
          "sensitive_attributes": [
            [
              {
                "type": "get_attr",
                "value": "boot_disk"
              },
              {
                "type": "index",
                "value": {
                  "value": 0,
                  "type": "number"
                }
              },
              {
                "type": "get_attr",
                "value": "disk_encryption_key_raw"
              }
            ]
          ],
          "identity_schema_version": 0,
          "private": "eyJlMmJmYjczMC1lY2FhLTExZTYtOGY4OC0zNDM2M2JjN2M0YzAiOnsiY3JlYXRlIjoxMjAwMDAwMDAwMDAwLCJkZWxldGUiOjEyMDAwMDAwMDAwMDAsInVwZGF0ZSI6MTIwMDAwMDAwMDAwMH0sInNjaGVtYV92ZXJzaW9uIjoiNiJ9",
          "dependencies": [
            "google_compute_disk.postgres_data_disk",
            "google_compute_instance.backend_node",
            "google_compute_instance.kafka_vm",
            "google_project_service.compute"
          ]
        }
      ]
    },
    {
      "mode": "managed",
      "type": "google_dataproc_cluster",
      "name": "hadoop_cluster",
      "provider": "provider[\"registry.terraform.io/hashicorp/google\"]",
      "instances": [
        {
          "schema_version": 1,
          "attributes": {
            "cluster_config": [
              {
                "autoscaling_config": [],
                "auxiliary_node_groups": [],
                "bucket": "aerial-citron-428307-c5-ieee-search-data",
                "dataproc_metric_config": [],
                "encryption_config": [],
                "endpoint_config": [
                  {
                    "enable_http_port_access": false,
                    "http_ports": {}
                  }
                ],
                "gce_cluster_config": [
                  {
                    "internal_ip_only": false,
                    "metadata": {
                      "kafka-broker": "10.138.0.54"
                    },
                    "network": "https://www.googleapis.com/compute/v1/projects/aerial-citron-428307-c5/global/networks/default",
                    "node_group_affinity": [],
                    "reservation_affinity": [],
                    "service_account": "",
                    "service_account_scopes": [
                      "https://www.googleapis.com/auth/cloud-platform"
                    ],
                    "shielded_instance_config": [
                      {
                        "enable_integrity_monitoring": true,
                        "enable_secure_boot": true,
                        "enable_vtpm": true
                      }
                    ],
                    "subnetwork": "",
                    "tags": null,
                    "zone": "us-west1-a"
                  }
                ],
                "initialization_action": [],
                "lifecycle_config": [],
                "master_config": [
                  {
                    "accelerators": [],
                    "disk_config": [
                      {
                        "boot_disk_size_gb": 50,
                        "boot_disk_type": "pd-standard",
                        "local_ssd_interface": "",
                        "num_local_ssds": 0
                      }
                    ],
                    "image_uri": "https://www.googleapis.com/compute/v1/projects/cloud-dataproc/global/images/dataproc-2-1-deb11-20260222-035100-rc01",
                    "instance_names": [
                      "ieee-search-cluster-m"
                    ],
                    "machine_type": "e2-standard-2",
                    "min_cpu_platform": "AUTOMATIC",
                    "num_instances": 1
                  }
                ],
                "metastore_config": [],
                "preemptible_worker_config": [
                  {
                    "disk_config": [
                      {
                        "boot_disk_size_gb": null,
                        "boot_disk_type": null,
                        "local_ssd_interface": null,
                        "num_local_ssds": null
                      }
                    ],
                    "instance_flexibility_policy": [
                      {
                        "instance_selection_list": null,
                        "instance_selection_results": null
                      }
                    ],
                    "instance_names": [],
                    "num_instances": 0,
                    "preemptibility": ""
                  }
                ],
                "security_config": [],
                "software_config": [
                  {
                    "image_version": "2.1.109-debian11",
                    "optional_components": null,
                    "override_properties": {
                      "dataproc:dataproc.allow.zero.workers": "false"
                    },
                    "properties": {
                      "capacity-scheduler:yarn.scheduler.capacity.root.default.ordering-policy": "fair",
                      "core:fs.gs.block.size": "134217728",
                      "core:fs.gs.metadata.cache.enable": "false",
                      "core:hadoop.ssl.enabled.protocols": "TLSv1,TLSv1.1,TLSv1.2",
                      "dataproc:dataproc.allow.zero.workers": "false",
                      "distcp:mapreduce.map.java.opts": "-Xmx576m",
                      "distcp:mapreduce.map.memory.mb": "768",
                      "distcp:mapreduce.reduce.java.opts": "-Xmx576m",
                      "distcp:mapreduce.reduce.memory.mb": "768",
                      "hadoop-env:HADOOP_DATANODE_OPTS": "-Xmx512m",
                      "hdfs:dfs.datanode.address": "0.0.0.0:9866",
                      "hdfs:dfs.datanode.http.address": "0.0.0.0:9864",
                      "hdfs:dfs.datanode.https.address": "0.0.0.0:9865",
                      "hdfs:dfs.datanode.ipc.address": "0.0.0.0:9867",
                      "hdfs:dfs.namenode.handler.count": "20",
                      "hdfs:dfs.namenode.http-address": "0.0.0.0:9870",
                      "hdfs:dfs.namenode.https-address": "0.0.0.0:9871",
                      "hdfs:dfs.namenode.lifeline.rpc-address": "ieee-search-cluster-m:8050",
                      "hdfs:dfs.namenode.secondary.http-address": "0.0.0.0:9868",
                      "hdfs:dfs.namenode.secondary.https-address": "0.0.0.0:9869",
                      "hdfs:dfs.namenode.service.handler.count": "10",
                      "hdfs:dfs.namenode.servicerpc-address": "ieee-search-cluster-m:8051",
                      "mapred-env:HADOOP_JOB_HISTORYSERVER_HEAPSIZE": "2048",
                      "mapred:mapreduce.job.maps": "9",
                      "mapred:mapreduce.job.reduce.slowstart.completedmaps": "0.95",
                      "mapred:mapreduce.job.reduces": "3",
                      "mapred:mapreduce.jobhistory.recovery.store.class": "org.apache.hadoop.mapreduce.v2.hs.HistoryServerLeveldbStateStoreService",
                      "mapred:mapreduce.map.cpu.vcores": "1",
                      "mapred:mapreduce.map.java.opts": "-Xmx2621m",
                      "mapred:mapreduce.map.memory.mb": "3277",
                      "mapred:mapreduce.reduce.cpu.vcores": "1",
                      "mapred:mapreduce.reduce.java.opts": "-Xmx2621m",
                      "mapred:mapreduce.reduce.memory.mb": "3277",
                      "mapred:mapreduce.task.io.sort.mb": "256",
                      "mapred:yarn.app.mapreduce.am.command-opts": "-Xmx2621m",
                      "mapred:yarn.app.mapreduce.am.resource.cpu-vcores": "1",
                      "mapred:yarn.app.mapreduce.am.resource.mb": "3277",
                      "spark-env:SPARK_DAEMON_MEMORY": "2048m",
                      "spark:spark.driver.maxResultSize": "1024m",
                      "spark:spark.driver.memory": "2048m",
                      "spark:spark.executor.cores": "1",
                      "spark:spark.executor.instances": "2",
                      "spark:spark.executor.memory": "2893m",
                      "spark:spark.executorEnv.OPENBLAS_NUM_THREADS": "1",
                      "spark:spark.plugins.defaultList": "com.google.cloud.dataproc.DataprocSparkPlugin",
                      "spark:spark.scheduler.mode": "FAIR",
                      "spark:spark.sql.cbo.enabled": "true",
                      "spark:spark.sql.optimizer.runtime.bloomFilter.join.pattern.enabled": "true",
                      "spark:spark.ui.port": "0",
                      "spark:spark.yarn.am.memory": "640m",
                      "yarn-env:YARN_NODEMANAGER_HEAPSIZE": "819",
                      "yarn-env:YARN_RESOURCEMANAGER_HEAPSIZE": "2048",
                      "yarn-env:YARN_TIMELINESERVER_HEAPSIZE": "2048",
                      "yarn:yarn.nodemanager.address": "0.0.0.0:8026",
                      "yarn:yarn.nodemanager.resource.cpu-vcores": "2",
                      "yarn:yarn.nodemanager.resource.memory-mb": "6554",
                      "yarn:yarn.resourcemanager.decommissioning-nodes-watcher.decommission-if-no-shuffle-data": "true",
                      "yarn:yarn.resourcemanager.nodemanager-graceful-decommission-timeout-secs": "86400",
                      "yarn:yarn.scheduler.maximum-allocation-mb": "6554",
                      "yarn:yarn.scheduler.minimum-allocation-mb": "1"
                    }
                  }
                ],
                "staging_bucket": "aerial-citron-428307-c5-ieee-search-data",
                "temp_bucket": "dataproc-temp-us-west1-261252338856-tmacw6l3",
                "worker_config": [
                  {
                    "accelerators": [],
                    "disk_config": [
                      {
                        "boot_disk_size_gb": 50,
                        "boot_disk_type": "pd-standard",
                        "local_ssd_interface": "",
                        "num_local_ssds": 0
                      }
                    ],
                    "image_uri": "https://www.googleapis.com/compute/v1/projects/cloud-dataproc/global/images/dataproc-2-1-deb11-20260222-035100-rc01",
                    "instance_names": [
                      "ieee-search-cluster-w-0",
                      "ieee-search-cluster-w-1"
                    ],
                    "machine_type": "e2-standard-2",
                    "min_cpu_platform": "AUTOMATIC",
                    "min_num_instances": 0,
                    "num_instances": 2
                  }
                ]
              }
            ],
            "effective_labels": {
              "goog-dataproc-cluster-name": "ieee-search-cluster",
              "goog-dataproc-cluster-uuid": "785001db-ac20-4dfe-8a5b-10f196ef15fd",
              "goog-dataproc-drz-resource-uuid": "cluster-785001db-ac20-4dfe-8a5b-10f196ef15fd",
              "goog-dataproc-location": "us-west1"
            },
            "graceful_decommission_timeout": "0s",
            "id": "projects/aerial-citron-428307-c5/regions/us-west1/clusters/ieee-search-cluster",
            "labels": null,
            "name": "ieee-search-cluster",
            "project": "aerial-citron-428307-c5",
            "region": "us-west1",
            "terraform_labels": {},
            "timeouts": null,
            "virtual_cluster_config": []
          },
          "sensitive_attributes": [],
          "identity_schema_version": 0,
          "private": "eyJlMmJmYjczMC1lY2FhLTExZTYtOGY4OC0zNDM2M2JjN2M0YzAiOnsiY3JlYXRlIjoyNzAwMDAwMDAwMDAwLCJkZWxldGUiOjI3MDAwMDAwMDAwMDAsInVwZGF0ZSI6MjcwMDAwMDAwMDAwMH0sInNjaGVtYV92ZXJzaW9uIjoiMSJ9",
          "dependencies": [
            "google_compute_instance.kafka_vm",
            "google_project_service.compute",
            "google_project_service.dataproc",
            "google_storage_bucket.data_bucket"
          ]
        }
      ]
    },
    {
      "mode": "managed",
      "type": "google_project_service",
      "name": "compute",
      "provider": "provider[\"registry.terraform.io/hashicorp/google\"]",
      "instances": [
        {
          "schema_version": 0,
          "attributes": {
            "disable_dependent_services": null,
            "disable_on_destroy": false,
            "id": "aerial-citron-428307-c5/compute.googleapis.com",
            "project": "aerial-citron-428307-c5",
            "service": "compute.googleapis.com",
            "timeouts": null
          },
          "sensitive_attributes": [],
          "identity_schema_version": 0,
          "private": "eyJlMmJmYjczMC1lY2FhLTExZTYtOGY4OC0zNDM2M2JjN2M0YzAiOnsiY3JlYXRlIjoxMjAwMDAwMDAwMDAwLCJkZWxldGUiOjEyMDAwMDAwMDAwMDAsInJlYWQiOjYwMDAwMDAwMDAwMCwidXBkYXRlIjoxMjAwMDAwMDAwMDAwfX0="
        }
      ]
    },
    {
      "mode": "managed",
      "type": "google_project_service",
      "name": "dataproc",
      "provider": "provider[\"registry.terraform.io/hashicorp/google\"]",
      "instances": [
        {
          "schema_version": 0,
          "attributes": {
            "disable_dependent_services": null,
            "disable_on_destroy": false,
            "id": "aerial-citron-428307-c5/dataproc.googleapis.com",
            "project": "aerial-citron-428307-c5",
            "service": "dataproc.googleapis.com",
            "timeouts": null
          },
          "sensitive_attributes": [],
          "identity_schema_version": 0,
          "private": "eyJlMmJmYjczMC1lY2FhLTExZTYtOGY4OC0zNDM2M2JjN2M0YzAiOnsiY3JlYXRlIjoxMjAwMDAwMDAwMDAwLCJkZWxldGUiOjEyMDAwMDAwMDAwMDAsInJlYWQiOjYwMDAwMDAwMDAwMCwidXBkYXRlIjoxMjAwMDAwMDAwMDAwfX0="
        }
      ]
    },
    {
      "mode": "managed",
      "type": "google_project_service",
      "name": "storage",
      "provider": "provider[\"registry.terraform.io/hashicorp/google\"]",
      "instances": [
        {
          "schema_version": 0,
          "attributes": {
            "disable_dependent_services": null,
            "disable_on_destroy": false,
            "id": "aerial-citron-428307-c5/storage.googleapis.com",
            "project": "aerial-citron-428307-c5",
            "service": "storage.googleapis.com",
            "timeouts": null
          },
          "sensitive_attributes": [],
          "identity_schema_version": 0,
          "private": "eyJlMmJmYjczMC1lY2FhLTExZTYtOGY4OC0zNDM2M2JjN2M0YzAiOnsiY3JlYXRlIjoxMjAwMDAwMDAwMDAwLCJkZWxldGUiOjEyMDAwMDAwMDAwMDAsInJlYWQiOjYwMDAwMDAwMDAwMCwidXBkYXRlIjoxMjAwMDAwMDAwMDAwfX0="
        }
      ]
    },
    {
      "mode": "managed",
      "type": "google_storage_bucket",
      "name": "data_bucket",
      "provider": "provider[\"registry.terraform.io/hashicorp/google\"]",
      "instances": [
        {
          "schema_version": 2,
          "attributes": {
            "autoclass": [],
            "cors": [],
            "custom_placement_config": [],
            "default_event_based_hold": false,
            "effective_labels": {},
            "enable_object_retention": false,
            "encryption": [],
            "force_destroy": true,
            "id": "aerial-citron-428307-c5-ieee-search-data",
            "labels": null,
            "lifecycle_rule": [],
            "location": "US-WEST1",
            "logging": [],
            "name": "aerial-citron-428307-c5-ieee-search-data",
            "project": "aerial-citron-428307-c5",
            "project_number": 261252338856,
            "public_access_prevention": "inherited",
            "requester_pays": false,
            "retention_policy": [],
            "rpo": null,
            "self_link": "https://www.googleapis.com/storage/v1/b/aerial-citron-428307-c5-ieee-search-data",
            "soft_delete_policy": [
              {
                "effective_time": "2026-03-07T07:57:22.719Z",
                "retention_duration_seconds": 604800
              }
            ],
            "storage_class": "STANDARD",
            "terraform_labels": {},
            "timeouts": null,
            "uniform_bucket_level_access": true,
            "url": "gs://aerial-citron-428307-c5-ieee-search-data",
            "versioning": [],
            "website": []
          },
          "sensitive_attributes": [],
          "identity_schema_version": 0,
          "private": "eyJlMmJmYjczMC1lY2FhLTExZTYtOGY4OC0zNDM2M2JjN2M0YzAiOnsiY3JlYXRlIjo2MDAwMDAwMDAwMDAsInJlYWQiOjI0MDAwMDAwMDAwMCwidXBkYXRlIjoyNDAwMDAwMDAwMDB9LCJzY2hlbWFfdmVyc2lvbiI6IjIifQ=="
        }
      ]
    },
    {
      "mode": "managed",
      "type": "google_storage_bucket_object",
      "name": "inverted_index_mapper",
      "provider": "provider[\"registry.terraform.io/hashicorp/google\"]",
      "instances": [
        {
          "schema_version": 0,
          "attributes": {
            "bucket": "aerial-citron-428307-c5-ieee-search-data",
            "cache_control": "",
            "content": null,
            "content_disposition": "",
            "content_encoding": "",
            "content_language": "",
            "content_type": "text/plain; charset=utf-8",
            "crc32c": "C117SA==",
            "customer_encryption": [],
            "detect_md5hash": "Jef3Bk6NyBrlLtfVvdrHUw==",
            "event_based_hold": false,
            "generation": 1772870243288400,
            "id": "aerial-citron-428307-c5-ieee-search-data-mapreduce/inverted_index_mapper.py",
            "kms_key_name": "",
            "md5hash": "Jef3Bk6NyBrlLtfVvdrHUw==",
            "media_link": "https://storage.googleapis.com/download/storage/v1/b/aerial-citron-428307-c5-ieee-search-data/o/mapreduce%2Finverted_index_mapper.py?generation=1772870243288400\u0026alt=media",
            "metadata": null,
            "name": "mapreduce/inverted_index_mapper.py",
            "output_name": "mapreduce/inverted_index_mapper.py",
            "retention": [],
            "self_link": "https://www.googleapis.com/storage/v1/b/aerial-citron-428307-c5-ieee-search-data/o/mapreduce%2Finverted_index_mapper.py",
            "source": "./../cluster-app/mapreduce/inverted_index_mapper.py",
            "storage_class": "STANDARD",
            "temporary_hold": false,
            "timeouts": null
          },
          "sensitive_attributes": [
            [
              {
                "type": "get_attr",
                "value": "content"
              }
            ]
          ],
          "identity_schema_version": 0,
          "private": "eyJlMmJmYjczMC1lY2FhLTExZTYtOGY4OC0zNDM2M2JjN2M0YzAiOnsiY3JlYXRlIjoyNDAwMDAwMDAwMDAsImRlbGV0ZSI6MjQwMDAwMDAwMDAwLCJ1cGRhdGUiOjI0MDAwMDAwMDAwMH19",
          "dependencies": [
            "google_storage_bucket.data_bucket"
          ]
        }
      ]
    },
    {
      "mode": "managed",
      "type": "google_storage_bucket_object",
      "name": "inverted_index_reducer",
      "provider": "provider[\"registry.terraform.io/hashicorp/google\"]",
      "instances": [
        {
          "schema_version": 0,
          "attributes": {
            "bucket": "aerial-citron-428307-c5-ieee-search-data",
            "cache_control": "",
            "content": null,
            "content_disposition": "",
            "content_encoding": "",
            "content_language": "",
            "content_type": "text/plain; charset=utf-8",
            "crc32c": "ip1ltA==",
            "customer_encryption": [],
            "detect_md5hash": "qWcw6iFnczo4yOh7h6XEcw==",
            "event_based_hold": false,
            "generation": 1772870243463979,
            "id": "aerial-citron-428307-c5-ieee-search-data-mapreduce/inverted_index_reducer.py",
            "kms_key_name": "",
            "md5hash": "qWcw6iFnczo4yOh7h6XEcw==",
            "media_link": "https://storage.googleapis.com/download/storage/v1/b/aerial-citron-428307-c5-ieee-search-data/o/mapreduce%2Finverted_index_reducer.py?generation=1772870243463979\u0026alt=media",
            "metadata": null,
            "name": "mapreduce/inverted_index_reducer.py",
            "output_name": "mapreduce/inverted_index_reducer.py",
            "retention": [],
            "self_link": "https://www.googleapis.com/storage/v1/b/aerial-citron-428307-c5-ieee-search-data/o/mapreduce%2Finverted_index_reducer.py",
            "source": "./../cluster-app/mapreduce/inverted_index_reducer.py",
            "storage_class": "STANDARD",
            "temporary_hold": false,
            "timeouts": null
          },
          "sensitive_attributes": [
            [
              {
                "type": "get_attr",
                "value": "content"
              }
            ]
          ],
          "identity_schema_version": 0,
          "private": "eyJlMmJmYjczMC1lY2FhLTExZTYtOGY4OC0zNDM2M2JjN2M0YzAiOnsiY3JlYXRlIjoyNDAwMDAwMDAwMDAsImRlbGV0ZSI6MjQwMDAwMDAwMDAwLCJ1cGRhdGUiOjI0MDAwMDAwMDAwMH19",
          "dependencies": [
            "google_storage_bucket.data_bucket"
          ]
        }
      ]
    },
    {
      "mode": "managed",
      "type": "google_storage_bucket_object",
      "name": "stopwords",
      "provider": "provider[\"registry.terraform.io/hashicorp/google\"]",
      "instances": [
        {
          "schema_version": 0,
          "attributes": {
            "bucket": "aerial-citron-428307-c5-ieee-search-data",
            "cache_control": "",
            "content": null,
            "content_disposition": "",
            "content_encoding": "",
            "content_language": "",
            "content_type": "text/plain; charset=utf-8",
            "crc32c": "fZvvCQ==",
            "customer_encryption": [],
            "detect_md5hash": "1z6p6kBsVdku5nBiTUyXlQ==",
            "event_based_hold": false,
            "generation": 1772870243713354,
            "id": "aerial-citron-428307-c5-ieee-search-data-data/stopwords.txt",
            "kms_key_name": "",
            "md5hash": "1z6p6kBsVdku5nBiTUyXlQ==",
            "media_link": "https://storage.googleapis.com/download/storage/v1/b/aerial-citron-428307-c5-ieee-search-data/o/data%2Fstopwords.txt?generation=1772870243713354\u0026alt=media",
            "metadata": null,
            "name": "data/stopwords.txt",
            "output_name": "data/stopwords.txt",
            "retention": [],
            "self_link": "https://www.googleapis.com/storage/v1/b/aerial-citron-428307-c5-ieee-search-data/o/data%2Fstopwords.txt",
            "source": "./../cluster-app/stopwords.txt",
            "storage_class": "STANDARD",
            "temporary_hold": false,
            "timeouts": null
          },
          "sensitive_attributes": [
            [
              {
                "type": "get_attr",
                "value": "content"
              }
            ]
          ],
          "identity_schema_version": 0,
          "private": "eyJlMmJmYjczMC1lY2FhLTExZTYtOGY4OC0zNDM2M2JjN2M0YzAiOnsiY3JlYXRlIjoyNDAwMDAwMDAwMDAsImRlbGV0ZSI6MjQwMDAwMDAwMDAwLCJ1cGRhdGUiOjI0MDAwMDAwMDAwMH19",
          "dependencies": [
            "google_storage_bucket.data_bucket"
          ]
        }
      ]
    },
    {
      "mode": "managed",
      "type": "google_storage_bucket_object",
      "name": "topn_mapper",
      "provider": "provider[\"registry.terraform.io/hashicorp/google\"]",
      "instances": [
        {
          "schema_version": 0,
          "attributes": {
            "bucket": "aerial-citron-428307-c5-ieee-search-data",
            "cache_control": "",
            "content": null,
            "content_disposition": "",
            "content_encoding": "",
            "content_language": "",
            "content_type": "text/plain; charset=utf-8",
            "crc32c": "IYSqxQ==",
            "customer_encryption": [],
            "detect_md5hash": "Q7o+wGWlIsFuzzPyEpejOw==",
            "event_based_hold": false,
            "generation": 1772870243029410,
            "id": "aerial-citron-428307-c5-ieee-search-data-mapreduce/topn_mapper.py",
            "kms_key_name": "",
            "md5hash": "Q7o+wGWlIsFuzzPyEpejOw==",
            "media_link": "https://storage.googleapis.com/download/storage/v1/b/aerial-citron-428307-c5-ieee-search-data/o/mapreduce%2Ftopn_mapper.py?generation=1772870243029410\u0026alt=media",
            "metadata": null,
            "name": "mapreduce/topn_mapper.py",
            "output_name": "mapreduce/topn_mapper.py",
            "retention": [],
            "self_link": "https://www.googleapis.com/storage/v1/b/aerial-citron-428307-c5-ieee-search-data/o/mapreduce%2Ftopn_mapper.py",
            "source": "./../cluster-app/mapreduce/topn_mapper.py",
            "storage_class": "STANDARD",
            "temporary_hold": false,
            "timeouts": null
          },
          "sensitive_attributes": [
            [
              {
                "type": "get_attr",
                "value": "content"
              }
            ]
          ],
          "identity_schema_version": 0,
          "private": "eyJlMmJmYjczMC1lY2FhLTExZTYtOGY4OC0zNDM2M2JjN2M0YzAiOnsiY3JlYXRlIjoyNDAwMDAwMDAwMDAsImRlbGV0ZSI6MjQwMDAwMDAwMDAwLCJ1cGRhdGUiOjI0MDAwMDAwMDAwMH19",
          "dependencies": [
            "google_storage_bucket.data_bucket"
          ]
        }
      ]
    },
    {
      "mode": "managed",
      "type": "google_storage_bucket_object",
      "name": "topn_reducer",
      "provider": "provider[\"registry.terraform.io/hashicorp/google\"]",
      "instances": [
        {
          "schema_version": 0,
          "attributes": {
            "bucket": "aerial-citron-428307-c5-ieee-search-data",
            "cache_control": "",
            "content": null,
            "content_disposition": "",
            "content_encoding": "",
            "content_language": "",
            "content_type": "text/plain; charset=utf-8",
            "crc32c": "fc8tYQ==",
            "customer_encryption": [],
            "detect_md5hash": "kYeI6CqGvEkjHuw6R5Sfxw==",
            "event_based_hold": false,
            "generation": 1772870243876376,
            "id": "aerial-citron-428307-c5-ieee-search-data-mapreduce/topn_reducer.py",
            "kms_key_name": "",
            "md5hash": "kYeI6CqGvEkjHuw6R5Sfxw==",
            "media_link": "https://storage.googleapis.com/download/storage/v1/b/aerial-citron-428307-c5-ieee-search-data/o/mapreduce%2Ftopn_reducer.py?generation=1772870243876376\u0026alt=media",
            "metadata": null,
            "name": "mapreduce/topn_reducer.py",
            "output_name": "mapreduce/topn_reducer.py",
            "retention": [],
            "self_link": "https://www.googleapis.com/storage/v1/b/aerial-citron-428307-c5-ieee-search-data/o/mapreduce%2Ftopn_reducer.py",
            "source": "./../cluster-app/mapreduce/topn_reducer.py",
            "storage_class": "STANDARD",
            "temporary_hold": false,
            "timeouts": null
          },
          "sensitive_attributes": [
            [
              {
                "type": "get_attr",
                "value": "content"
              }
            ]
          ],
          "identity_schema_version": 0,
          "private": "eyJlMmJmYjczMC1lY2FhLTExZTYtOGY4OC0zNDM2M2JjN2M0YzAiOnsiY3JlYXRlIjoyNDAwMDAwMDAwMDAsImRlbGV0ZSI6MjQwMDAwMDAwMDAwLCJ1cGRhdGUiOjI0MDAwMDAwMDAwMH19",
          "dependencies": [
            "google_storage_bucket.data_bucket"
          ]
        }
      ]
    }
  ],
  "check_results": null
}
